dependencies:
- name: kube-state-metrics
  repository: https://charts.helm.sh/stable
  version: 2.1.0
- name: kube-state-metrics
  repository: https://charts.helm.sh/stable
  version: 2.1.0
- name: alpine-pending
  repository: file://../alpine-pending
  version: 1.0.0
- name: alpine-pending
  repository: file://../alpine-pending
  version: 1.0.0
- name: test-statefulset
  repository: file://../test-statefulset
  version: 1.0.0
digest: sha256:050f799d3c279730d9c29c2eca4c2e6d51c7009462da0916c61ca0a58963c59d
generated: "2020-06-04T20:33:58.609268+02:00"
