dependencies:
- name: kube-state-metrics
  repository: https://kubernetes-charts.storage.googleapis.com
  version: 1.3.0
- name: kube-state-metrics
  repository: https://kubernetes-charts.storage.googleapis.com
  version: 1.3.0
- name: alpine-pending
  repository: file://../alpine-pending
  version: 1.0.0
- name: alpine-pending
  repository: file://../alpine-pending
  version: 1.0.0
digest: sha256:1e96c8ac3c67313d11c4871b956db5373350fb16aab4a61f551c1f897c279e6f
generated: "2020-01-09T19:35:04.219082+01:00"
