dependencies:
- name: kube-state-metrics
  repository: https://prometheus-community.github.io/helm-charts
  version: 2.13.2
- name: kube-state-metrics
  repository: https://prometheus-community.github.io/helm-charts
  version: 2.13.2
- name: alpine-pending
  repository: file://../alpine-pending
  version: 1.0.0
- name: alpine-pending
  repository: file://../alpine-pending
  version: 1.0.0
- name: test-statefulset
  repository: file://../test-statefulset
  version: 1.0.1
digest: sha256:8ae0d3958dec028e591170c50370c0541c91d330e0d98252b35c5c8316b98863
generated: "2021-08-06T23:27:37.382460893+02:00"
